
Microsoft Visual Studio Solution File, Format Version 12.00
# Visual Studio Version 16
VisualStudioVersion = 16.0.31402.337
MinimumVisualStudioVersion = 10.0.40219.1
Project("{FAE04EC0-301F-11D3-BF4B-00C04F79EFBC}") = "group3project", "group3project\group3project.csproj", "{F95B50D9-CD28-4931-A392-11CC3A5AE4A4}"
EndProject
Global
	GlobalSection(SolutionConfigurationPlatforms) = preSolution
		Debug|Any CPU = Debug|Any CPU
		Release|Any CPU = Release|Any CPU
	EndGlobalSection
	GlobalSection(ProjectConfigurationPlatforms) = postSolution
		{F95B50D9-CD28-4931-A392-11CC3A5AE4A4}.Debug|Any CPU.ActiveCfg = Debug|Any CPU
		{F95B50D9-CD28-4931-A392-11CC3A5AE4A4}.Debug|Any CPU.Build.0 = Debug|Any CPU
		{F95B50D9-CD28-4931-A392-11CC3A5AE4A4}.Release|Any CPU.ActiveCfg = Release|Any CPU
		{F95B50D9-CD28-4931-A392-11CC3A5AE4A4}.Release|Any CPU.Build.0 = Release|Any CPU
	EndGlobalSection
	GlobalSection(SolutionProperties) = preSolution
		HideSolutionNode = FALSE
	EndGlobalSection
	GlobalSection(ExtensibilityGlobals) = postSolution
		SolutionGuid = {70CA515F-A55D-44CA-96D1-AC700E625218}
	EndGlobalSection
EndGlobal
